PATH
  remote: .
  specs:
    agents_homedir (0.1.0)
      zeitwerk (~> 2.8)

GEM
  remote: https://rubygems.org/
  specs:
    csv (3.3.6)
    date (3.5.1)
    erb (6.0.7)
    minitest (5.27.0)
    psych (5.5.0)
      date
      stringio
    rake (13.4.2)
    rdoc (7.2.0)
      erb
      psych (>= 4.0.0)
      tsort
    stringio (3.2.0)
    tsort (0.2.0)
    yard (0.9.45)
    yard-markdown (0.9.1)
      csv
      rdoc
      yard
    zeitwerk (2.8.3)

PLATFORMS
  arm64-darwin-25
  ruby

DEPENDENCIES
  agents_homedir!
  bundler (>= 2.0, < 5)
  minitest (~> 5.0)
  rake (~> 13.0)
  yard (~> 0.9)
  yard-markdown (~> 0.9)

CHECKSUMS
  agents_homedir (0.1.0)
  bundler (4.0.12) sha256=7f8b757d28dfb636e7b24fba2344ac6dd13b5b24f4b46d62573d483f211825ac
  csv (3.3.6) sha256=aba61e7e507a66f03d45cb1f3c4b6359861c3504038b422962875dce099e4456
  date (3.5.1) sha256=750d06384d7b9c15d562c76291407d89e368dda4d4fff957eb94962d325a0dc0
  erb (6.0.7) sha256=c5ca6dc25b0ef974a44dc8f59fe847577122483b1968a38dec305c60bf91ee92
  minitest (5.27.0) sha256=2d3b17f8a36fe7801c1adcffdbc38233b938eb0b4966e97a6739055a45fa77d5
  psych (5.5.0) sha256=4b245bbbd0f3238df8ccee766ebc1a6b062b10e4ee1d3284eb588739ba156a0a
  rake (13.4.2) sha256=cb825b2bd5f1f8e91ca37bddb4b9aaf345551b4731da62949be002fa89283701
  rdoc (7.2.0) sha256=8650f76cd4009c3b54955eb5d7e3a075c60a57276766ebf36f9085e8c9f23192
  stringio (3.2.0) sha256=c37cb2e58b4ffbd33fe5cd948c05934af997b36e0b6ca6fdf43afa234cf222e1
  tsort (0.2.0) sha256=9650a793f6859a43b6641671278f79cfead60ac714148aabe4e3f0060480089f
  yard (0.9.45) sha256=52e211493f7cb8a3ebf7e104a25a1e73937a3103092545d34cb88fafebb3dc51
  yard-markdown (0.9.1) sha256=51adf55a814172f70ed81fbd1af4dc42c0e1a698915f7da33eff5a3bb527062d
  zeitwerk (2.8.3) sha256=2c85125a8467ce069e20123d1e709a08955c9d29c118c25b46b7b7fafdbb92e5

BUNDLED WITH
  4.0.12
